// !$*UTF8*$!
{
	archiveVersion = 1;
	classes = {
	};
	objectVersion = 56;
	objects = {

/* Begin PBXBuildFile section */
		5960449D2ACC249C00156F79 /* PokemonWidget_SwiftUIApp.swift in Sources */ = {isa = PBXBuildFile; fileRef = 5960449C2ACC249B00156F79 /* PokemonWidget_SwiftUIApp.swift */; };
		5960449F2ACC249C00156F79 /* ContentView.swift in Sources */ = {isa = PBXBuildFile; fileRef = 5960449E2ACC249C00156F79 /* ContentView.swift */; };
		596044A12ACC24A100156F79 /* Assets.xcassets in Resources */ = {isa = PBXBuildFile; fileRef = 596044A02ACC24A100156F79 /* Assets.xcassets */; };
		596044A42ACC24A100156F79 /* Preview Assets.xcassets in Resources */ = {isa = PBXBuildFile; fileRef = 596044A32ACC24A100156F79 /* Preview Assets.xcassets */; };
		596044AB2ACC280700156F79 /* Pokemon.swift in Sources */ = {isa = PBXBuildFile; fileRef = 596044AA2ACC280700156F79 /* Pokemon.swift */; };
		596044B12ACC2A7900156F79 /* ImageItself.swift in Sources */ = {isa = PBXBuildFile; fileRef = 596044B02ACC2A7900156F79 /* ImageItself.swift */; };
		596044B32ACC2C8300156F79 /* PokemonView.swift in Sources */ = {isa = PBXBuildFile; fileRef = 596044B22ACC2C8300156F79 /* PokemonView.swift */; };
		596044BC2ACC4D1F00156F79 /* WidgetKit.framework in Frameworks */ = {isa = PBXBuildFile; fileRef = 596044BB2ACC4D1F00156F79 /* WidgetKit.framework */; };
		596044BE2ACC4D1F00156F79 /* SwiftUI.framework in Frameworks */ = {isa = PBXBuildFile; fileRef = 596044BD2ACC4D1F00156F79 /* SwiftUI.framework */; };
		596044C12ACC4D1F00156F79 /* WidgetPokemonBundle.swift in Sources */ = {isa = PBXBuildFile; fileRef = 596044C02ACC4D1F00156F79 /* WidgetPokemonBundle.swift */; };
		596044C32ACC4D1F00156F79 /* WidgetPokemonLiveActivity.swift in Sources */ = {isa = PBXBuildFile; fileRef = 596044C22ACC4D1F00156F79 /* WidgetPokemonLiveActivity.swift */; };
		596044C52ACC4D1F00156F79 /* WidgetPokemon.swift in Sources */ = {isa = PBXBuildFile; fileRef = 596044C42ACC4D1F00156F79 /* WidgetPokemon.swift */; };
		596044C82ACC4D2300156F79 /* Assets.xcassets in Resources */ = {isa = PBXBuildFile; fileRef = 596044C72ACC4D2300156F79 /* Assets.xcassets */; };
		596044CA2ACC4D2400156F79 /* WidgetPokemon.intentdefinition in Sources */ = {isa = PBXBuildFile; fileRef = 596044C62ACC4D1F00156F79 /* WidgetPokemon.intentdefinition */; };
		596044CB2ACC4D2400156F79 /* WidgetPokemon.intentdefinition in Sources */ = {isa = PBXBuildFile; fileRef = 596044C62ACC4D1F00156F79 /* WidgetPokemon.intentdefinition */; };
		596044CE2ACC4D2400156F79 /* WidgetPokemonExtension.appex in Embed Foundation Extensions */ = {isa = PBXBuildFile; fileRef = 596044B92ACC4D1F00156F79 /* WidgetPokemonExtension.appex */; settings = {ATTRIBUTES = (RemoveHeadersOnCopy, ); }; };
		596044D32ACC4E0100156F79 /* PokemonView.swift in Sources */ = {isa = PBXBuildFile; fileRef = 596044B22ACC2C8300156F79 /* PokemonView.swift */; };
		596044D42ACC4E0D00156F79 /* ImageItself.swift in Sources */ = {isa = PBXBuildFile; fileRef = 596044B02ACC2A7900156F79 /* ImageItself.swift */; };
		596044D52ACC4E2D00156F79 /* Pokemon.swift in Sources */ = {isa = PBXBuildFile; fileRef = 596044AA2ACC280700156F79 /* Pokemon.swift */; };
		596044D62ACC50D100156F79 /* Assets.xcassets in Resources */ = {isa = PBXBuildFile; fileRef = 596044A02ACC24A100156F79 /* Assets.xcassets */; };
/* End PBXBuildFile section */

/* Begin PBXContainerItemProxy section */
		596044CC2ACC4D2400156F79 /* PBXContainerItemProxy */ = {
			isa = PBXContainerItemProxy;
			containerPortal = 596044912ACC249B00156F79 /* Project object */;
			proxyType = 1;
			remoteGlobalIDString = 596044B82ACC4D1E00156F79;
			remoteInfo = WidgetPokemonExtension;
		};
/* End PBXContainerItemProxy section */

/* Begin PBXCopyFilesBuildPhase section */
		596044D22ACC4D2400156F79 /* Embed Foundation Extensions */ = {
			isa = PBXCopyFilesBuildPhase;
			buildActionMask = 2147483647;
			dstPath = "";
			dstSubfolderSpec = 13;
			files = (
				596044CE2ACC4D2400156F79 /* WidgetPokemonExtension.appex in Embed Foundation Extensions */,
			);
			name = "Embed Foundation Extensions";
			runOnlyForDeploymentPostprocessing = 0;
		};
/* End PBXCopyFilesBuildPhase section */

/* Begin PBXFileReference section */
		596044992ACC249B00156F79 /* PokemonWidget_SwiftUI.app */ = {isa = PBXFileReference; explicitFileType = wrapper.application; includeInIndex = 0; path = PokemonWidget_SwiftUI.app; sourceTree = BUILT_PRODUCTS_DIR; };
		5960449C2ACC249B00156F79 /* PokemonWidget_SwiftUIApp.swift */ = {isa = PBXFileReference; lastKnownFileType = sourcecode.swift; path = PokemonWidget_SwiftUIApp.swift; sourceTree = "<group>"; };
		5960449E2ACC249C00156F79 /* ContentView.swift */ = {isa = PBXFileReference; lastKnownFileType = sourcecode.swift; path = ContentView.swift; sourceTree = "<group>"; };
		596044A02ACC24A100156F79 /* Assets.xcassets */ = {isa = PBXFileReference; lastKnownFileType = folder.assetcatalog; path = Assets.xcassets; sourceTree = "<group>"; };
		596044A32ACC24A100156F79 /* Preview Assets.xcassets */ = {isa = PBXFileReference; lastKnownFileType = folder.assetcatalog; path = "Preview Assets.xcassets"; sourceTree = "<group>"; };
		596044AA2ACC280700156F79 /* Pokemon.swift */ = {isa = PBXFileReference; lastKnownFileType = sourcecode.swift; path = Pokemon.swift; sourceTree = "<group>"; };
		596044B02ACC2A7900156F79 /* ImageItself.swift */ = {isa = PBXFileReference; lastKnownFileType = sourcecode.swift; path = ImageItself.swift; sourceTree = "<group>"; };
		596044B22ACC2C8300156F79 /* PokemonView.swift */ = {isa = PBXFileReference; lastKnownFileType = sourcecode.swift; path = PokemonView.swift; sourceTree = "<group>"; };
		596044B42ACC49A600156F79 /* PokemonWidget_SwiftUI.entitlements */ = {isa = PBXFileReference; lastKnownFileType = text.plist.entitlements; path = PokemonWidget_SwiftUI.entitlements; sourceTree = "<group>"; };
		596044B92ACC4D1F00156F79 /* WidgetPokemonExtension.appex */ = {isa = PBXFileReference; explicitFileType = "wrapper.app-extension"; includeInIndex = 0; path = WidgetPokemonExtension.appex; sourceTree = BUILT_PRODUCTS_DIR; };
		596044BB2ACC4D1F00156F79 /* WidgetKit.framework */ = {isa = PBXFileReference; lastKnownFileType = wrapper.framework; name = WidgetKit.framework; path = System/Library/Frameworks/WidgetKit.framework; sourceTree = SDKROOT; };
		596044BD2ACC4D1F00156F79 /* SwiftUI.framework */ = {isa = PBXFileReference; lastKnownFileType = wrapper.framework; name = SwiftUI.framework; path = System/Library/Frameworks/SwiftUI.framework; sourceTree = SDKROOT; };
		596044C02ACC4D1F00156F79 /* WidgetPokemonBundle.swift */ = {isa = PBXFileReference; lastKnownFileType = sourcecode.swift; path = WidgetPokemonBundle.swift; sourceTree = "<group>"; };
		596044C22ACC4D1F00156F79 /* WidgetPokemonLiveActivity.swift */ = {isa = PBXFileReference; lastKnownFileType = sourcecode.swift; path = WidgetPokemonLiveActivity.swift; sourceTree = "<group>"; };
		596044C42ACC4D1F00156F79 /* WidgetPokemon.swift */ = {isa = PBXFileReference; lastKnownFileType = sourcecode.swift; path = WidgetPokemon.swift; sourceTree = "<group>"; };
		596044C62ACC4D1F00156F79 /* WidgetPokemon.intentdefinition */ = {isa = PBXFileReference; lastKnownFileType = file.intentdefinition; path = WidgetPokemon.intentdefinition; sourceTree = "<group>"; };
		596044C72ACC4D2300156F79 /* Assets.xcassets */ = {isa = PBXFileReference; lastKnownFileType = folder.assetcatalog; path = Assets.xcassets; sourceTree = "<group>"; };
		596044C92ACC4D2400156F79 /* Info.plist */ = {isa = PBXFileReference; lastKnownFileType = text.plist.xml; path = Info.plist; sourceTree = "<group>"; };
		596044D72ACC512000156F79 /* WidgetPokemonExtension.entitlements */ = {isa = PBXFileReference; lastKnownFileType = text.plist.entitlements; path = WidgetPokemonExtension.entitlements; sourceTree = "<group>"; };
/* End PBXFileReference section */

/* Begin PBXFrameworksBuildPhase section */
		596044962ACC249B00156F79 /* Frameworks */ = {
			isa = PBXFrameworksBuildPhase;
			buildActionMask = 2147483647;
			files = (
			);
			runOnlyForDeploymentPostprocessing = 0;
		};
		596044B62ACC4D1E00156F79 /* Frameworks */ = {
			isa = PBXFrameworksBuildPhase;
			buildActionMask = 2147483647;
			files = (
				596044BE2ACC4D1F00156F79 /* SwiftUI.framework in Frameworks */,
				596044BC2ACC4D1F00156F79 /* WidgetKit.framework in Frameworks */,
			);
			runOnlyForDeploymentPostprocessing = 0;
		};
/* End PBXFrameworksBuildPhase section */

/* Begin PBXGroup section */
		596044902ACC249B00156F79 = {
			isa = PBXGroup;
			children = (
				596044D72ACC512000156F79 /* WidgetPokemonExtension.entitlements */,
				5960449B2ACC249B00156F79 /* PokemonWidget_SwiftUI */,
				596044BF2ACC4D1F00156F79 /* WidgetPokemon */,
				596044BA2ACC4D1F00156F79 /* Frameworks */,
				5960449A2ACC249B00156F79 /* Products */,
			);
			sourceTree = "<group>";
		};
		5960449A2ACC249B00156F79 /* Products */ = {
			isa = PBXGroup;
			children = (
				596044992ACC249B00156F79 /* PokemonWidget_SwiftUI.app */,
				596044B92ACC4D1F00156F79 /* WidgetPokemonExtension.appex */,
			);
			name = Products;
			sourceTree = "<group>";
		};
		5960449B2ACC249B00156F79 /* PokemonWidget_SwiftUI */ = {
			isa = PBXGroup;
			children = (
				596044B42ACC49A600156F79 /* PokemonWidget_SwiftUI.entitlements */,
				596044AF2ACC2A3C00156F79 /* App */,
				596044AE2ACC2A2200156F79 /* ViewModel */,
				596044AD2ACC2A1C00156F79 /* View */,
				596044AC2ACC2A1500156F79 /* Model */,
				596044A02ACC24A100156F79 /* Assets.xcassets */,
				596044A22ACC24A100156F79 /* Preview Content */,
			);
			path = PokemonWidget_SwiftUI;
			sourceTree = "<group>";
		};
		596044A22ACC24A100156F79 /* Preview Content */ = {
			isa = PBXGroup;
			children = (
				596044A32ACC24A100156F79 /* Preview Assets.xcassets */,
			);
			path = "Preview Content";
			sourceTree = "<group>";
		};
		596044AC2ACC2A1500156F79 /* Model */ = {
			isa = PBXGroup;
			children = (
				596044AA2ACC280700156F79 /* Pokemon.swift */,
			);
			path = Model;
			sourceTree = "<group>";
		};
		596044AD2ACC2A1C00156F79 /* View */ = {
			isa = PBXGroup;
			children = (
				5960449E2ACC249C00156F79 /* ContentView.swift */,
				596044B02ACC2A7900156F79 /* ImageItself.swift */,
				596044B22ACC2C8300156F79 /* PokemonView.swift */,
			);
			path = View;
			sourceTree = "<group>";
		};
		596044AE2ACC2A2200156F79 /* ViewModel */ = {
			isa = PBXGroup;
			children = (
			);
			path = ViewModel;
			sourceTree = "<group>";
		};
		596044AF2ACC2A3C00156F79 /* App */ = {
			isa = PBXGroup;
			children = (
				5960449C2ACC249B00156F79 /* PokemonWidget_SwiftUIApp.swift */,
			);
			path = App;
			sourceTree = "<group>";
		};
		596044BA2ACC4D1F00156F79 /* Frameworks */ = {
			isa = PBXGroup;
			children = (
				596044BB2ACC4D1F00156F79 /* WidgetKit.framework */,
				596044BD2ACC4D1F00156F79 /* SwiftUI.framework */,
			);
			name = Frameworks;
			sourceTree = "<group>";
		};
		596044BF2ACC4D1F00156F79 /* WidgetPokemon */ = {
			isa = PBXGroup;
			children = (
				596044C02ACC4D1F00156F79 /* WidgetPokemonBundle.swift */,
				596044C22ACC4D1F00156F79 /* WidgetPokemonLiveActivity.swift */,
				596044C42ACC4D1F00156F79 /* WidgetPokemon.swift */,
				596044C62ACC4D1F00156F79 /* WidgetPokemon.intentdefinition */,
				596044C72ACC4D2300156F79 /* Assets.xcassets */,
				596044C92ACC4D2400156F79 /* Info.plist */,
			);
			path = WidgetPokemon;
			sourceTree = "<group>";
		};
/* End PBXGroup section */

/* Begin PBXNativeTarget section */
		596044982ACC249B00156F79 /* PokemonWidget_SwiftUI */ = {
			isa = PBXNativeTarget;
			buildConfigurationList = 596044A72ACC24A100156F79 /* Build configuration list for PBXNativeTarget "PokemonWidget_SwiftUI" */;
			buildPhases = (
				596044952ACC249B00156F79 /* Sources */,
				596044962ACC249B00156F79 /* Frameworks */,
				596044972ACC249B00156F79 /* Resources */,
				596044D22ACC4D2400156F79 /* Embed Foundation Extensions */,
			);
			buildRules = (
			);
			dependencies = (
				596044CD2ACC4D2400156F79 /* PBXTargetDependency */,
			);
			name = PokemonWidget_SwiftUI;
			productName = PokemonWidget_SwiftUI;
			productReference = 596044992ACC249B00156F79 /* PokemonWidget_SwiftUI.app */;
			productType = "com.apple.product-type.application";
		};
		596044B82ACC4D1E00156F79 /* WidgetPokemonExtension */ = {
			isa = PBXNativeTarget;
			buildConfigurationList = 596044CF2ACC4D2400156F79 /* Build configuration list for PBXNativeTarget "WidgetPokemonExtension" */;
			buildPhases = (
				596044B52ACC4D1E00156F79 /* Sources */,
				596044B62ACC4D1E00156F79 /* Frameworks */,
				596044B72ACC4D1E00156F79 /* Resources */,
			);
			buildRules = (
			);
			dependencies = (
			);
			name = WidgetPokemonExtension;
			productName = WidgetPokemonExtension;
			productReference = 596044B92ACC4D1F00156F79 /* WidgetPokemonExtension.appex */;
			productType = "com.apple.product-type.app-extension";
		};
/* End PBXNativeTarget section */

/* Begin PBXProject section */
		596044912ACC249B00156F79 /* Project object */ = {
			isa = PBXProject;
			attributes = {
				BuildIndependentTargetsInParallel = 1;
				LastSwiftUpdateCheck = 1420;
				LastUpgradeCheck = 1420;
				TargetAttributes = {
					596044982ACC249B00156F79 = {
						CreatedOnToolsVersion = 14.2;
					};
					596044B82ACC4D1E00156F79 = {
						CreatedOnToolsVersion = 14.2;
					};
				};
			};
			buildConfigurationList = 596044942ACC249B00156F79 /* Build configuration list for PBXProject "PokemonWidget_SwiftUI" */;
			compatibilityVersion = "Xcode 14.0";
			developmentRegion = en;
			hasScannedForEncodings = 0;
			knownRegions = (
				en,
				Base,
			);
			mainGroup = 596044902ACC249B00156F79;
			productRefGroup = 5960449A2ACC249B00156F79 /* Products */;
			projectDirPath = "";
			projectRoot = "";
			targets = (
				596044982ACC249B00156F79 /* PokemonWidget_SwiftUI */,
				596044B82ACC4D1E00156F79 /* WidgetPokemonExtension */,
			);
		};
/* End PBXProject section */

/* Begin PBXResourcesBuildPhase section */
		596044972ACC249B00156F79 /* Resources */ = {
			isa = PBXResourcesBuildPhase;
			buildActionMask = 2147483647;
			files = (
				596044A42ACC24A100156F79 /* Preview Assets.xcassets in Resources */,
				596044A12ACC24A100156F79 /* Assets.xcassets in Resources */,
			);
			runOnlyForDeploymentPostprocessing = 0;
		};
		596044B72ACC4D1E00156F79 /* Resources */ = {
			isa = PBXResourcesBuildPhase;
			buildActionMask = 2147483647;
			files = (
				596044D62ACC50D100156F79 /* Assets.xcassets in Resources */,
				596044C82ACC4D2300156F79 /* Assets.xcassets in Resources */,
			);
			runOnlyForDeploymentPostprocessing = 0;
		};
/* End PBXResourcesBuildPhase section */

/* Begin PBXSourcesBuildPhase section */
		596044952ACC249B00156F79 /* Sources */ = {
			isa = PBXSourcesBuildPhase;
			buildActionMask = 2147483647;
			files = (
				5960449F2ACC249C00156F79 /* ContentView.swift in Sources */,
				5960449D2ACC249C00156F79 /* PokemonWidget_SwiftUIApp.swift in Sources */,
				596044B12ACC2A7900156F79 /* ImageItself.swift in Sources */,
				596044B32ACC2C8300156F79 /* PokemonView.swift in Sources */,
				596044CB2ACC4D2400156F79 /* WidgetPokemon.intentdefinition in Sources */,
				596044AB2ACC280700156F79 /* Pokemon.swift in Sources */,
			);
			runOnlyForDeploymentPostprocessing = 0;
		};
		596044B52ACC4D1E00156F79 /* Sources */ = {
			isa = PBXSourcesBuildPhase;
			buildActionMask = 2147483647;
			files = (
				596044D52ACC4E2D00156F79 /* Pokemon.swift in Sources */,
				596044CA2ACC4D2400156F79 /* WidgetPokemon.intentdefinition in Sources */,
				596044C52ACC4D1F00156F79 /* WidgetPokemon.swift in Sources */,
				596044D42ACC4E0D00156F79 /* ImageItself.swift in Sources */,
				596044C32ACC4D1F00156F79 /* WidgetPokemonLiveActivity.swift in Sources */,
				596044D32ACC4E0100156F79 /* PokemonView.swift in Sources */,
				596044C12ACC4D1F00156F79 /* WidgetPokemonBundle.swift in Sources */,
			);
			runOnlyForDeploymentPostprocessing = 0;
		};
/* End PBXSourcesBuildPhase section */

/* Begin PBXTargetDependency section */
		596044CD2ACC4D2400156F79 /* PBXTargetDependency */ = {
			isa = PBXTargetDependency;
			target = 596044B82ACC4D1E00156F79 /* WidgetPokemonExtension */;
			targetProxy = 596044CC2ACC4D2400156F79 /* PBXContainerItemProxy */;
		};
/* End PBXTargetDependency section */

/* Begin XCBuildConfiguration section */
		596044A52ACC24A100156F79 /* Debug */ = {
			isa = XCBuildConfiguration;
			buildSettings = {
				ALWAYS_SEARCH_USER_PATHS = NO;
				CLANG_ANALYZER_NONNULL = YES;
				CLANG_ANALYZER_NUMBER_OBJECT_CONVERSION = YES_AGGRESSIVE;
				CLANG_CXX_LANGUAGE_STANDARD = "gnu++20";
				CLANG_ENABLE_MODULES = YES;
				CLANG_ENABLE_OBJC_ARC = YES;
				CLANG_ENABLE_OBJC_WEAK = YES;
				CLANG_WARN_BLOCK_CAPTURE_AUTORELEASING = YES;
				CLANG_WARN_BOOL_CONVERSION = YES;
				CLANG_WARN_COMMA = YES;
				CLANG_WARN_CONSTANT_CONVERSION = YES;
				CLANG_WARN_DEPRECATED_OBJC_IMPLEMENTATIONS = YES;
				CLANG_WARN_DIRECT_OBJC_ISA_USAGE = YES_ERROR;
				CLANG_WARN_DOCUMENTATION_COMMENTS = YES;
				CLANG_WARN_EMPTY_BODY = YES;
				CLANG_WARN_ENUM_CONVERSION = YES;
				CLANG_WARN_INFINITE_RECURSION = YES;
				CLANG_WARN_INT_CONVERSION = YES;
				CLANG_WARN_NON_LITERAL_NULL_CONVERSION = YES;
				CLANG_WARN_OBJC_IMPLICIT_RETAIN_SELF = YES;
				CLANG_WARN_OBJC_LITERAL_CONVERSION = YES;
				CLANG_WARN_OBJC_ROOT_CLASS = YES_ERROR;
				CLANG_WARN_QUOTED_INCLUDE_IN_FRAMEWORK_HEADER = YES;
				CLANG_WARN_RANGE_LOOP_ANALYSIS = YES;
				CLANG_WARN_STRICT_PROTOTYPES = YES;
				CLANG_WARN_SUSPICIOUS_MOVE = YES;
				CLANG_WARN_UNGUARDED_AVAILABILITY = YES_AGGRESSIVE;
				CLANG_WARN_UNREACHABLE_CODE = YES;
				CLANG_WARN__DUPLICATE_METHOD_MATCH = YES;
				COPY_PHASE_STRIP = NO;
				DEBUG_INFORMATION_FORMAT = dwarf;
				ENABLE_STRICT_OBJC_MSGSEND = YES;
				ENABLE_TESTABILITY = YES;
				GCC_C_LANGUAGE_STANDARD = gnu11;
				GCC_DYNAMIC_NO_PIC = NO;
				GCC_NO_COMMON_BLOCKS = YES;
				GCC_OPTIMIZATION_LEVEL = 0;
				GCC_PREPROCESSOR_DEFINITIONS = (
					"DEBUG=1",
					"$(inherited)",
				);
				GCC_WARN_64_TO_32_BIT_CONVERSION = YES;
				GCC_WARN_ABOUT_RETURN_TYPE = YES_ERROR;
				GCC_WARN_UNDECLARED_SELECTOR = YES;
				GCC_WARN_UNINITIALIZED_AUTOS = YES_AGGRESSIVE;
				GCC_WARN_UNUSED_FUNCTION = YES;
				GCC_WARN_UNUSED_VARIABLE = YES;
				IPHONEOS_DEPLOYMENT_TARGET = 16.2;
				MTL_ENABLE_DEBUG_INFO = INCLUDE_SOURCE;
				MTL_FAST_MATH = YES;
				ONLY_ACTIVE_ARCH = YES;
				SDKROOT = iphoneos;
				SWIFT_ACTIVE_COMPILATION_CONDITIONS = DEBUG;
				SWIFT_OPTIMIZATION_LEVEL = "-Onone";
			};
			name = Debug;
		};
		596044A62ACC24A100156F79 /* Release */ = {
			isa = XCBuildConfiguration;
			buildSettings = {
				ALWAYS_SEARCH_USER_PATHS = NO;
				CLANG_ANALYZER_NONNULL = YES;
				CLANG_ANALYZER_NUMBER_OBJECT_CONVERSION = YES_AGGRESSIVE;
				CLANG_CXX_LANGUAGE_STANDARD = "gnu++20";
				CLANG_ENABLE_MODULES = YES;
				CLANG_ENABLE_OBJC_ARC = YES;
				CLANG_ENABLE_OBJC_WEAK = YES;
				CLANG_WARN_BLOCK_CAPTURE_AUTORELEASING = YES;
				CLANG_WARN_BOOL_CONVERSION = YES;
				CLANG_WARN_COMMA = YES;
				CLANG_WARN_CONSTANT_CONVERSION = YES;
				CLANG_WARN_DEPRECATED_OBJC_IMPLEMENTATIONS = YES;
				CLANG_WARN_DIRECT_OBJC_ISA_USAGE = YES_ERROR;
				CLANG_WARN_DOCUMENTATION_COMMENTS = YES;
				CLANG_WARN_EMPTY_BODY = YES;
				CLANG_WARN_ENUM_CONVERSION = YES;
				CLANG_WARN_INFINITE_RECURSION = YES;
				CLANG_WARN_INT_CONVERSION = YES;
				CLANG_WARN_NON_LITERAL_NULL_CONVERSION = YES;
				CLANG_WARN_OBJC_IMPLICIT_RETAIN_SELF = YES;
				CLANG_WARN_OBJC_LITERAL_CONVERSION = YES;
				CLANG_WARN_OBJC_ROOT_CLASS = YES_ERROR;
				CLANG_WARN_QUOTED_INCLUDE_IN_FRAMEWORK_HEADER = YES;
				CLANG_WARN_RANGE_LOOP_ANALYSIS = YES;
				CLANG_WARN_STRICT_PROTOTYPES = YES;
				CLANG_WARN_SUSPICIOUS_MOVE = YES;
				CLANG_WARN_UNGUARDED_AVAILABILITY = YES_AGGRESSIVE;
				CLANG_WARN_UNREACHABLE_CODE = YES;
				CLANG_WARN__DUPLICATE_METHOD_MATCH = YES;
				COPY_PHASE_STRIP = NO;
				DEBUG_INFORMATION_FORMAT = "dwarf-with-dsym";
				ENABLE_NS_ASSERTIONS = NO;
				ENABLE_STRICT_OBJC_MSGSEND = YES;
				GCC_C_LANGUAGE_STANDARD = gnu11;
				GCC_NO_COMMON_BLOCKS = YES;
				GCC_WARN_64_TO_32_BIT_CONVERSION = YES;
				GCC_WARN_ABOUT_RETURN_TYPE = YES_ERROR;
				GCC_WARN_UNDECLARED_SELECTOR = YES;
				GCC_WARN_UNINITIALIZED_AUTOS = YES_AGGRESSIVE;
				GCC_WARN_UNUSED_FUNCTION = YES;
				GCC_WARN_UNUSED_VARIABLE = YES;
				IPHONEOS_DEPLOYMENT_TARGET = 16.2;
				MTL_ENABLE_DEBUG_INFO = NO;
				MTL_FAST_MATH = YES;
				SDKROOT = iphoneos;
				SWIFT_COMPILATION_MODE = wholemodule;
				SWIFT_OPTIMIZATION_LEVEL = "-O";
				VALIDATE_PRODUCT = YES;
			};
			name = Release;
		};
		596044A82ACC24A100156F79 /* Debug */ = {
			isa = XCBuildConfiguration;
			buildSettings = {
				ALWAYS_EMBED_SWIFT_STANDARD_LIBRARIES = YES;
				ASSETCATALOG_COMPILER_APPICON_NAME = AppIcon;
				ASSETCATALOG_COMPILER_GLOBAL_ACCENT_COLOR_NAME = AccentColor;
				CODE_SIGN_ENTITLEMENTS = PokemonWidget_SwiftUI/PokemonWidget_SwiftUI.entitlements;
				CODE_SIGN_STYLE = Automatic;
				CURRENT_PROJECT_VERSION = 1;
				DEVELOPMENT_ASSET_PATHS = "\"PokemonWidget_SwiftUI/Preview Content\"";
				DEVELOPMENT_TEAM = 6L4286U5S5;
				ENABLE_PREVIEWS = YES;
				GENERATE_INFOPLIST_FILE = YES;
				INFOPLIST_KEY_UIApplicationSceneManifest_Generation = YES;
				INFOPLIST_KEY_UIApplicationSupportsIndirectInputEvents = YES;
				INFOPLIST_KEY_UILaunchScreen_Generation = YES;
				INFOPLIST_KEY_UISupportedInterfaceOrientations_iPad = "UIInterfaceOrientationPortrait UIInterfaceOrientationPortraitUpsideDown UIInterfaceOrientationLandscapeLeft UIInterfaceOrientationLandscapeRight";
				INFOPLIST_KEY_UISupportedInterfaceOrientations_iPhone = "UIInterfaceOrientationPortrait UIInterfaceOrientationLandscapeLeft UIInterfaceOrientationLandscapeRight";
				LD_RUNPATH_SEARCH_PATHS = (
					"$(inherited)",
					"@executable_path/Frameworks",
				);
				MARKETING_VERSION = 1.0;
				PRODUCT_BUNDLE_IDENTIFIER = "com.pinarkalkan.PokemonWidget-SwiftUI";
				PRODUCT_NAME = "$(TARGET_NAME)";
				SWIFT_EMIT_LOC_STRINGS = YES;
				SWIFT_VERSION = 5.0;
				TARGETED_DEVICE_FAMILY = "1,2";
			};
			name = Debug;
		};
		596044A92ACC24A100156F79 /* Release */ = {
			isa = XCBuildConfiguration;
			buildSettings = {
				ALWAYS_EMBED_SWIFT_STANDARD_LIBRARIES = YES;
				ASSETCATALOG_COMPILER_APPICON_NAME = AppIcon;
				ASSETCATALOG_COMPILER_GLOBAL_ACCENT_COLOR_NAME = AccentColor;
				CODE_SIGN_ENTITLEMENTS = PokemonWidget_SwiftUI/PokemonWidget_SwiftUI.entitlements;
				CODE_SIGN_STYLE = Automatic;
				CURRENT_PROJECT_VERSION = 1;
				DEVELOPMENT_ASSET_PATHS = "\"PokemonWidget_SwiftUI/Preview Content\"";
				DEVELOPMENT_TEAM = 6L4286U5S5;
				ENABLE_PREVIEWS = YES;
				GENERATE_INFOPLIST_FILE = YES;
				INFOPLIST_KEY_UIApplicationSceneManifest_Generation = YES;
				INFOPLIST_KEY_UIApplicationSupportsIndirectInputEvents = YES;
				INFOPLIST_KEY_UILaunchScreen_Generation = YES;
				INFOPLIST_KEY_UISupportedInterfaceOrientations_iPad = "UIInterfaceOrientationPortrait UIInterfaceOrientationPortraitUpsideDown UIInterfaceOrientationLandscapeLeft UIInterfaceOrientationLandscapeRight";
				INFOPLIST_KEY_UISupportedInterfaceOrientations_iPhone = "UIInterfaceOrientationPortrait UIInterfaceOrientationLandscapeLeft UIInterfaceOrientationLandscapeRight";
				LD_RUNPATH_SEARCH_PATHS = (
					"$(inherited)",
					"@executable_path/Frameworks",
				);
				MARKETING_VERSION = 1.0;
				PRODUCT_BUNDLE_IDENTIFIER = "com.pinarkalkan.PokemonWidget-SwiftUI";
				PRODUCT_NAME = "$(TARGET_NAME)";
				SWIFT_EMIT_LOC_STRINGS = YES;
				SWIFT_VERSION = 5.0;
				TARGETED_DEVICE_FAMILY = "1,2";
			};
			name = Release;
		};
		596044D02ACC4D2400156F79 /* Debug */ = {
			isa = XCBuildConfiguration;
			buildSettings = {
				ASSETCATALOG_COMPILER_GLOBAL_ACCENT_COLOR_NAME = AccentColor;
				ASSETCATALOG_COMPILER_WIDGET_BACKGROUND_COLOR_NAME = WidgetBackground;
				CODE_SIGN_ENTITLEMENTS = WidgetPokemonExtension.entitlements;
				CODE_SIGN_STYLE = Automatic;
				CURRENT_PROJECT_VERSION = 1;
				DEVELOPMENT_TEAM = 6L4286U5S5;
				GENERATE_INFOPLIST_FILE = YES;
				INFOPLIST_FILE = WidgetPokemon/Info.plist;
				INFOPLIST_KEY_CFBundleDisplayName = WidgetPokemon;
				INFOPLIST_KEY_NSHumanReadableCopyright = "";
				LD_RUNPATH_SEARCH_PATHS = (
					"$(inherited)",
					"@executable_path/Frameworks",
					"@executable_path/../../Frameworks",
				);
				MARKETING_VERSION = 1.0;
				PRODUCT_BUNDLE_IDENTIFIER = "com.pinarkalkan.PokemonWidget-SwiftUI.WidgetPokemon";
				PRODUCT_NAME = "$(TARGET_NAME)";
				SKIP_INSTALL = YES;
				SWIFT_EMIT_LOC_STRINGS = YES;
				SWIFT_VERSION = 5.0;
				TARGETED_DEVICE_FAMILY = "1,2";
			};
			name = Debug;
		};
		596044D12ACC4D2400156F79 /* Release */ = {
			isa = XCBuildConfiguration;
			buildSettings = {
				ASSETCATALOG_COMPILER_GLOBAL_ACCENT_COLOR_NAME = AccentColor;
				ASSETCATALOG_COMPILER_WIDGET_BACKGROUND_COLOR_NAME = WidgetBackground;
				CODE_SIGN_ENTITLEMENTS = WidgetPokemonExtension.entitlements;
				CODE_SIGN_STYLE = Automatic;
				CURRENT_PROJECT_VERSION = 1;
				DEVELOPMENT_TEAM = 6L4286U5S5;
				GENERATE_INFOPLIST_FILE = YES;
				INFOPLIST_FILE = WidgetPokemon/Info.plist;
				INFOPLIST_KEY_CFBundleDisplayName = WidgetPokemon;
				INFOPLIST_KEY_NSHumanReadableCopyright = "";
				LD_RUNPATH_SEARCH_PATHS = (
					"$(inherited)",
					"@executable_path/Frameworks",
					"@executable_path/../../Frameworks",
				);
				MARKETING_VERSION = 1.0;
				PRODUCT_BUNDLE_IDENTIFIER = "com.pinarkalkan.PokemonWidget-SwiftUI.WidgetPokemon";
				PRODUCT_NAME = "$(TARGET_NAME)";
				SKIP_INSTALL = YES;
				SWIFT_EMIT_LOC_STRINGS = YES;
				SWIFT_VERSION = 5.0;
				TARGETED_DEVICE_FAMILY = "1,2";
			};
			name = Release;
		};
/* End XCBuildConfiguration section */

/* Begin XCConfigurationList section */
		596044942ACC249B00156F79 /* Build configuration list for PBXProject "PokemonWidget_SwiftUI" */ = {
			isa = XCConfigurationList;
			buildConfigurations = (
				596044A52ACC24A100156F79 /* Debug */,
				596044A62ACC24A100156F79 /* Release */,
			);
			defaultConfigurationIsVisible = 0;
			defaultConfigurationName = Release;
		};
		596044A72ACC24A100156F79 /* Build configuration list for PBXNativeTarget "PokemonWidget_SwiftUI" */ = {
			isa = XCConfigurationList;
			buildConfigurations = (
				596044A82ACC24A100156F79 /* Debug */,
				596044A92ACC24A100156F79 /* Release */,
			);
			defaultConfigurationIsVisible = 0;
			defaultConfigurationName = Release;
		};
		596044CF2ACC4D2400156F79 /* Build configuration list for PBXNativeTarget "WidgetPokemonExtension" */ = {
			isa = XCConfigurationList;
			buildConfigurations = (
				596044D02ACC4D2400156F79 /* Debug */,
				596044D12ACC4D2400156F79 /* Release */,
			);
			defaultConfigurationIsVisible = 0;
			defaultConfigurationName = Release;
		};
/* End XCConfigurationList section */
	};
	rootObject = 596044912ACC249B00156F79 /* Project object */;
}
